
Microsoft Visual Studio Solution File, Format Version 12.00
# Visual Studio Version 18
VisualStudioVersion = 18.3.11520.95 d18.3
MinimumVisualStudioVersion = 10.0.40219.1
Project("{FAE04EC0-301F-11D3-BF4B-00C04F79EFBC}") = "BookCatalog.Domain", "BookCatalog.Domain.csproj", "{EC605355-8308-CA8B-584D-0353AB59DC34}"
EndProject
Global
	GlobalSection(SolutionConfigurationPlatforms) = preSolution
		Debug|Any CPU = Debug|Any CPU
		Release|Any CPU = Release|Any CPU
	EndGlobalSection
	GlobalSection(ProjectConfigurationPlatforms) = postSolution
		{EC605355-8308-CA8B-584D-0353AB59DC34}.Debug|Any CPU.ActiveCfg = Debug|Any CPU
		{EC605355-8308-CA8B-584D-0353AB59DC34}.Debug|Any CPU.Build.0 = Debug|Any CPU
		{EC605355-8308-CA8B-584D-0353AB59DC34}.Release|Any CPU.ActiveCfg = Release|Any CPU
		{EC605355-8308-CA8B-584D-0353AB59DC34}.Release|Any CPU.Build.0 = Release|Any CPU
	EndGlobalSection
	GlobalSection(SolutionProperties) = preSolution
		HideSolutionNode = FALSE
	EndGlobalSection
	GlobalSection(ExtensibilityGlobals) = postSolution
		SolutionGuid = {6651371B-CAB4-42FF-87D1-88566C86424A}
	EndGlobalSection
EndGlobal
